
Microsoft Visual Studio Solution File, Format Version 12.00
Project("{FAE04EC0-301F-11D3-BF4B-00C04F79EFBC}") = "Ezreb", "Ezreb\Ezreb.csproj", "{898923D4-54F9-47CA-B06E-0091D06E0507}"
EndProject
Project("{FAE04EC0-301F-11D3-BF4B-00C04F79EFBC}") = "FluentValidationWithEntityValidation", "FluentValidationWithEntityValidation\FluentValidationWithEntityValidation.csproj", "{1DBF7BBC-FEF7-4802-B918-0E407295336C}"
EndProject
Project("{FAE04EC0-301F-11D3-BF4B-00C04F79EFBC}") = "Test", "Test\Test.csproj", "{4A72B2ED-C0CA-488A-BA68-5CA6C426F3F7}"
EndProject
Global
	GlobalSection(SolutionConfigurationPlatforms) = preSolution
		Debug|Any CPU = Debug|Any CPU
		Release|Any CPU = Release|Any CPU
	EndGlobalSection
	GlobalSection(ProjectConfigurationPlatforms) = postSolution
		{898923D4-54F9-47CA-B06E-0091D06E0507}.Debug|Any CPU.ActiveCfg = Debug|Any CPU
		{898923D4-54F9-47CA-B06E-0091D06E0507}.Debug|Any CPU.Build.0 = Debug|Any CPU
		{898923D4-54F9-47CA-B06E-0091D06E0507}.Release|Any CPU.ActiveCfg = Release|Any CPU
		{898923D4-54F9-47CA-B06E-0091D06E0507}.Release|Any CPU.Build.0 = Release|Any CPU
		{1DBF7BBC-FEF7-4802-B918-0E407295336C}.Debug|Any CPU.ActiveCfg = Debug|Any CPU
		{1DBF7BBC-FEF7-4802-B918-0E407295336C}.Debug|Any CPU.Build.0 = Debug|Any CPU
		{1DBF7BBC-FEF7-4802-B918-0E407295336C}.Release|Any CPU.ActiveCfg = Release|Any CPU
		{1DBF7BBC-FEF7-4802-B918-0E407295336C}.Release|Any CPU.Build.0 = Release|Any CPU
		{4A72B2ED-C0CA-488A-BA68-5CA6C426F3F7}.Debug|Any CPU.ActiveCfg = Debug|Any CPU
		{4A72B2ED-C0CA-488A-BA68-5CA6C426F3F7}.Debug|Any CPU.Build.0 = Debug|Any CPU
		{4A72B2ED-C0CA-488A-BA68-5CA6C426F3F7}.Release|Any CPU.ActiveCfg = Release|Any CPU
		{4A72B2ED-C0CA-488A-BA68-5CA6C426F3F7}.Release|Any CPU.Build.0 = Release|Any CPU
	EndGlobalSection
EndGlobal
